
Microsoft Visual Studio Solution File, Format Version 12.00
# Visual Studio Version 17
VisualStudioVersion = 17.8.34316.72
MinimumVisualStudioVersion = 10.0.40219.1
Project("{FAE04EC0-301F-11D3-BF4B-00C04F79EFBC}") = "Consuming-External-APIS-Task", "Consuming-External-APIS-Task\Consuming-External-APIS-Task.csproj", "{3C4EEB60-E361-4727-A48D-BBB43CE5D7EE}"
EndProject
Global
	GlobalSection(SolutionConfigurationPlatforms) = preSolution
		Debug|Any CPU = Debug|Any CPU
		Release|Any CPU = Release|Any CPU
	EndGlobalSection
	GlobalSection(ProjectConfigurationPlatforms) = postSolution
		{3C4EEB60-E361-4727-A48D-BBB43CE5D7EE}.Debug|Any CPU.ActiveCfg = Debug|Any CPU
		{3C4EEB60-E361-4727-A48D-BBB43CE5D7EE}.Debug|Any CPU.Build.0 = Debug|Any CPU
		{3C4EEB60-E361-4727-A48D-BBB43CE5D7EE}.Release|Any CPU.ActiveCfg = Release|Any CPU
		{3C4EEB60-E361-4727-A48D-BBB43CE5D7EE}.Release|Any CPU.Build.0 = Release|Any CPU
	EndGlobalSection
	GlobalSection(SolutionProperties) = preSolution
		HideSolutionNode = FALSE
	EndGlobalSection
	GlobalSection(ExtensibilityGlobals) = postSolution
		SolutionGuid = {0715E858-41E5-48AE-BF07-A2558C3F120F}
	EndGlobalSection
EndGlobal
